// !$*UTF8*$!
{
	archiveVersion = 1;
	classes = {
	};
	objectVersion = 51;
	objects = {

/* Begin PBXBuildFile section */
		22A3556D72E82D098A38CDEA /* Pods_NIBM_COVID19Tests.framework in Frameworks */ = {isa = PBXBuildFile; fileRef = E596C39F6AA779E293809CAF /* Pods_NIBM_COVID19Tests.framework */; };
		444977ED24FC41180046E178 /* Extensions.swift in Sources */ = {isa = PBXBuildFile; fileRef = 444977EC24FC41180046E178 /* Extensions.swift */; };
		4449780B24FFAB5E0046E178 /* AppColors.swift in Sources */ = {isa = PBXBuildFile; fileRef = 4449780A24FFAB5E0046E178 /* AppColors.swift */; };
		4449780D24FFBC9C0046E178 /* CreateAccViewController.swift in Sources */ = {isa = PBXBuildFile; fileRef = 4449780C24FFBC9C0046E178 /* CreateAccViewController.swift */; };
		4449781125043B030046E178 /* SignUpViewController.swift in Sources */ = {isa = PBXBuildFile; fileRef = 4449781025043B030046E178 /* SignUpViewController.swift */; };
		4469B0432507BBFF00F1D57F /* HomeViewController.swift in Sources */ = {isa = PBXBuildFile; fileRef = 4469B0422507BBFF00F1D57F /* HomeViewController.swift */; };
		4469B0822507FA1600F1D57F /* SurvayQ1ViewController.swift in Sources */ = {isa = PBXBuildFile; fileRef = 4469B0812507FA1600F1D57F /* SurvayQ1ViewController.swift */; };
		4469B0842509554800F1D57F /* SurvayQ2ViewController.swift in Sources */ = {isa = PBXBuildFile; fileRef = 4469B0832509554800F1D57F /* SurvayQ2ViewController.swift */; };
		4469B086250A06D200F1D57F /* SurvayQ3ViewController.swift in Sources */ = {isa = PBXBuildFile; fileRef = 4469B085250A06D200F1D57F /* SurvayQ3ViewController.swift */; };
		4469B088250A0A9A00F1D57F /* SurvayQ4ViewController.swift in Sources */ = {isa = PBXBuildFile; fileRef = 4469B087250A0A9A00F1D57F /* SurvayQ4ViewController.swift */; };
		4469B0AA250CFD3700F1D57F /* UpdateViewController.swift in Sources */ = {isa = PBXBuildFile; fileRef = 4469B0A9250CFD3700F1D57F /* UpdateViewController.swift */; };
		4469B0AD250D4FFD00F1D57F /* SettingsViewController.swift in Sources */ = {isa = PBXBuildFile; fileRef = 4469B0AC250D4FFD00F1D57F /* SettingsViewController.swift */; };
		4469B0AF250D749E00F1D57F /* AboutUsViewController.swift in Sources */ = {isa = PBXBuildFile; fileRef = 4469B0AE250D749E00F1D57F /* AboutUsViewController.swift */; };
		44DF6C4124FAE8E100199EBE /* LoginViewController.swift in Sources */ = {isa = PBXBuildFile; fileRef = 44DF6C4024FAE8E100199EBE /* LoginViewController.swift */; };
		44F3C80224FA1C5500743B0E /* AppDelegate.swift in Sources */ = {isa = PBXBuildFile; fileRef = 44F3C80124FA1C5500743B0E /* AppDelegate.swift */; };
		44F3C80B24FA1C5500743B0E /* Assets.xcassets in Resources */ = {isa = PBXBuildFile; fileRef = 44F3C80A24FA1C5500743B0E /* Assets.xcassets */; };
		44F3C80E24FA1C5500743B0E /* LaunchScreen.storyboard in Resources */ = {isa = PBXBuildFile; fileRef = 44F3C80C24FA1C5500743B0E /* LaunchScreen.storyboard */; };
		44F3C81924FA1C5500743B0E /* NIBM_COVID19Tests.swift in Sources */ = {isa = PBXBuildFile; fileRef = 44F3C81824FA1C5500743B0E /* NIBM_COVID19Tests.swift */; };
		44F3C82424FA1C5500743B0E /* NIBM_COVID19UITests.swift in Sources */ = {isa = PBXBuildFile; fileRef = 44F3C82324FA1C5500743B0E /* NIBM_COVID19UITests.swift */; };
		44F3C83224FA34DD00743B0E /* GoogleService-Info.plist in Resources */ = {isa = PBXBuildFile; fileRef = 44F3C83124FA34DD00743B0E /* GoogleService-Info.plist */; };
		AE199C2ABA2BBA1649787215 /* Pods_NIBM_COVID19.framework in Frameworks */ = {isa = PBXBuildFile; fileRef = F8EC28D3BDE901ED797A4980 /* Pods_NIBM_COVID19.framework */; };
		CEF51FF3AA5B94BE88DC8ABB /* Pods_NIBM_COVID19_NIBM_COVID19UITests.framework in Frameworks */ = {isa = PBXBuildFile; fileRef = 6AB55B66D02565FDEAE45362 /* Pods_NIBM_COVID19_NIBM_COVID19UITests.framework */; };
/* End PBXBuildFile section */

/* Begin PBXContainerItemProxy section */
		44F3C81524FA1C5500743B0E /* PBXContainerItemProxy */ = {
			isa = PBXContainerItemProxy;
			containerPortal = 44F3C7F624FA1C5400743B0E /* Project object */;
			proxyType = 1;
			remoteGlobalIDString = 44F3C7FD24FA1C5500743B0E;
			remoteInfo = "NIBM COVID19";
		};
		44F3C82024FA1C5500743B0E /* PBXContainerItemProxy */ = {
			isa = PBXContainerItemProxy;
			containerPortal = 44F3C7F624FA1C5400743B0E /* Project object */;
			proxyType = 1;
			remoteGlobalIDString = 44F3C7FD24FA1C5500743B0E;
			remoteInfo = "NIBM COVID19";
		};
/* End PBXContainerItemProxy section */

/* Begin PBXFileReference section */
		34C3C4453C9E8A5FA286E2CC /* Pods-NIBM COVID19Tests.release.xcconfig */ = {isa = PBXFileReference; includeInIndex = 1; lastKnownFileType = text.xcconfig; name = "Pods-NIBM COVID19Tests.release.xcconfig"; path = "Target Support Files/Pods-NIBM COVID19Tests/Pods-NIBM COVID19Tests.release.xcconfig"; sourceTree = "<group>"; };
		427C10FBC1FCD05ECEB7BD97 /* Pods-NIBM COVID19.release.xcconfig */ = {isa = PBXFileReference; includeInIndex = 1; lastKnownFileType = text.xcconfig; name = "Pods-NIBM COVID19.release.xcconfig"; path = "Target Support Files/Pods-NIBM COVID19/Pods-NIBM COVID19.release.xcconfig"; sourceTree = "<group>"; };
		444977EC24FC41180046E178 /* Extensions.swift */ = {isa = PBXFileReference; lastKnownFileType = sourcecode.swift; path = Extensions.swift; sourceTree = "<group>"; };
		4449780A24FFAB5E0046E178 /* AppColors.swift */ = {isa = PBXFileReference; lastKnownFileType = sourcecode.swift; path = AppColors.swift; sourceTree = "<group>"; };
		4449780C24FFBC9C0046E178 /* CreateAccViewController.swift */ = {isa = PBXFileReference; lastKnownFileType = sourcecode.swift; path = CreateAccViewController.swift; sourceTree = "<group>"; };
		4449781025043B030046E178 /* SignUpViewController.swift */ = {isa = PBXFileReference; lastKnownFileType = sourcecode.swift; path = SignUpViewController.swift; sourceTree = "<group>"; };
		4469B0422507BBFF00F1D57F /* HomeViewController.swift */ = {isa = PBXFileReference; lastKnownFileType = sourcecode.swift; path = HomeViewController.swift; sourceTree = "<group>"; };
		4469B0812507FA1600F1D57F /* SurvayQ1ViewController.swift */ = {isa = PBXFileReference; lastKnownFileType = sourcecode.swift; path = SurvayQ1ViewController.swift; sourceTree = "<group>"; };
		4469B0832509554800F1D57F /* SurvayQ2ViewController.swift */ = {isa = PBXFileReference; lastKnownFileType = sourcecode.swift; path = SurvayQ2ViewController.swift; sourceTree = "<group>"; };
		4469B085250A06D200F1D57F /* SurvayQ3ViewController.swift */ = {isa = PBXFileReference; lastKnownFileType = sourcecode.swift; path = SurvayQ3ViewController.swift; sourceTree = "<group>"; };
		4469B087250A0A9A00F1D57F /* SurvayQ4ViewController.swift */ = {isa = PBXFileReference; lastKnownFileType = sourcecode.swift; path = SurvayQ4ViewController.swift; sourceTree = "<group>"; };
		4469B0A9250CFD3700F1D57F /* UpdateViewController.swift */ = {isa = PBXFileReference; lastKnownFileType = sourcecode.swift; path = UpdateViewController.swift; sourceTree = "<group>"; };
		4469B0AC250D4FFD00F1D57F /* SettingsViewController.swift */ = {isa = PBXFileReference; lastKnownFileType = sourcecode.swift; path = SettingsViewController.swift; sourceTree = "<group>"; };
		4469B0AE250D749E00F1D57F /* AboutUsViewController.swift */ = {isa = PBXFileReference; lastKnownFileType = sourcecode.swift; path = AboutUsViewController.swift; sourceTree = "<group>"; };
		44DF6C4024FAE8E100199EBE /* LoginViewController.swift */ = {isa = PBXFileReference; lastKnownFileType = sourcecode.swift; path = LoginViewController.swift; sourceTree = "<group>"; };
		44F3C7FE24FA1C5500743B0E /* NIBM COVID19.app */ = {isa = PBXFileReference; explicitFileType = wrapper.application; includeInIndex = 0; path = "NIBM COVID19.app"; sourceTree = BUILT_PRODUCTS_DIR; };
		44F3C80124FA1C5500743B0E /* AppDelegate.swift */ = {isa = PBXFileReference; lastKnownFileType = sourcecode.swift; path = AppDelegate.swift; sourceTree = "<group>"; };
		44F3C80A24FA1C5500743B0E /* Assets.xcassets */ = {isa = PBXFileReference; lastKnownFileType = folder.assetcatalog; path = Assets.xcassets; sourceTree = "<group>"; };
		44F3C80D24FA1C5500743B0E /* Base */ = {isa = PBXFileReference; lastKnownFileType = file.storyboard; name = Base; path = Base.lproj/LaunchScreen.storyboard; sourceTree = "<group>"; };
		44F3C80F24FA1C5500743B0E /* Info.plist */ = {isa = PBXFileReference; lastKnownFileType = text.plist.xml; path = Info.plist; sourceTree = "<group>"; };
		44F3C81424FA1C5500743B0E /* NIBM COVID19Tests.xctest */ = {isa = PBXFileReference; explicitFileType = wrapper.cfbundle; includeInIndex = 0; path = "NIBM COVID19Tests.xctest"; sourceTree = BUILT_PRODUCTS_DIR; };
		44F3C81824FA1C5500743B0E /* NIBM_COVID19Tests.swift */ = {isa = PBXFileReference; lastKnownFileType = sourcecode.swift; path = NIBM_COVID19Tests.swift; sourceTree = "<group>"; };
		44F3C81A24FA1C5500743B0E /* Info.plist */ = {isa = PBXFileReference; lastKnownFileType = text.plist.xml; path = Info.plist; sourceTree = "<group>"; };
		44F3C81F24FA1C5500743B0E /* NIBM COVID19UITests.xctest */ = {isa = PBXFileReference; explicitFileType = wrapper.cfbundle; includeInIndex = 0; path = "NIBM COVID19UITests.xctest"; sourceTree = BUILT_PRODUCTS_DIR; };
		44F3C82324FA1C5500743B0E /* NIBM_COVID19UITests.swift */ = {isa = PBXFileReference; lastKnownFileType = sourcecode.swift; path = NIBM_COVID19UITests.swift; sourceTree = "<group>"; };
		44F3C82524FA1C5500743B0E /* Info.plist */ = {isa = PBXFileReference; lastKnownFileType = text.plist.xml; path = Info.plist; sourceTree = "<group>"; };
		44F3C83124FA34DD00743B0E /* GoogleService-Info.plist */ = {isa = PBXFileReference; fileEncoding = 4; lastKnownFileType = text.plist.xml; path = "GoogleService-Info.plist"; sourceTree = "<group>"; };
		559EDB4EEE6516D6C9330119 /* Pods-NIBM COVID19-NIBM COVID19UITests.release.xcconfig */ = {isa = PBXFileReference; includeInIndex = 1; lastKnownFileType = text.xcconfig; name = "Pods-NIBM COVID19-NIBM COVID19UITests.release.xcconfig"; path = "Target Support Files/Pods-NIBM COVID19-NIBM COVID19UITests/Pods-NIBM COVID19-NIBM COVID19UITests.release.xcconfig"; sourceTree = "<group>"; };
		6AB55B66D02565FDEAE45362 /* Pods_NIBM_COVID19_NIBM_COVID19UITests.framework */ = {isa = PBXFileReference; explicitFileType = wrapper.framework; includeInIndex = 0; path = Pods_NIBM_COVID19_NIBM_COVID19UITests.framework; sourceTree = BUILT_PRODUCTS_DIR; };
		A45C5FC9DD1F12CBF3AED766 /* Pods-NIBM COVID19.debug.xcconfig */ = {isa = PBXFileReference; includeInIndex = 1; lastKnownFileType = text.xcconfig; name = "Pods-NIBM COVID19.debug.xcconfig"; path = "Target Support Files/Pods-NIBM COVID19/Pods-NIBM COVID19.debug.xcconfig"; sourceTree = "<group>"; };
		E596C39F6AA779E293809CAF /* Pods_NIBM_COVID19Tests.framework */ = {isa = PBXFileReference; explicitFileType = wrapper.framework; includeInIndex = 0; path = Pods_NIBM_COVID19Tests.framework; sourceTree = BUILT_PRODUCTS_DIR; };
		E697C730BC6B529FC554CC88 /* Pods-NIBM COVID19-NIBM COVID19UITests.debug.xcconfig */ = {isa = PBXFileReference; includeInIndex = 1; lastKnownFileType = text.xcconfig; name = "Pods-NIBM COVID19-NIBM COVID19UITests.debug.xcconfig"; path = "Target Support Files/Pods-NIBM COVID19-NIBM COVID19UITests/Pods-NIBM COVID19-NIBM COVID19UITests.debug.xcconfig"; sourceTree = "<group>"; };
		F8EC28D3BDE901ED797A4980 /* Pods_NIBM_COVID19.framework */ = {isa = PBXFileReference; explicitFileType = wrapper.framework; includeInIndex = 0; path = Pods_NIBM_COVID19.framework; sourceTree = BUILT_PRODUCTS_DIR; };
		FBE4099848666983AB19547A /* Pods-NIBM COVID19Tests.debug.xcconfig */ = {isa = PBXFileReference; includeInIndex = 1; lastKnownFileType = text.xcconfig; name = "Pods-NIBM COVID19Tests.debug.xcconfig"; path = "Target Support Files/Pods-NIBM COVID19Tests/Pods-NIBM COVID19Tests.debug.xcconfig"; sourceTree = "<group>"; };
/* End PBXFileReference section */

/* Begin PBXFrameworksBuildPhase section */
		44F3C7FB24FA1C5500743B0E /* Frameworks */ = {
			isa = PBXFrameworksBuildPhase;
			buildActionMask = 2147483647;
			files = (
				AE199C2ABA2BBA1649787215 /* Pods_NIBM_COVID19.framework in Frameworks */,
			);
			runOnlyForDeploymentPostprocessing = 0;
		};
		44F3C81124FA1C5500743B0E /* Frameworks */ = {
			isa = PBXFrameworksBuildPhase;
			buildActionMask = 2147483647;
			files = (
				22A3556D72E82D098A38CDEA /* Pods_NIBM_COVID19Tests.framework in Frameworks */,
			);
			runOnlyForDeploymentPostprocessing = 0;
		};
		44F3C81C24FA1C5500743B0E /* Frameworks */ = {
			isa = PBXFrameworksBuildPhase;
			buildActionMask = 2147483647;
			files = (
				CEF51FF3AA5B94BE88DC8ABB /* Pods_NIBM_COVID19_NIBM_COVID19UITests.framework in Frameworks */,
			);
			runOnlyForDeploymentPostprocessing = 0;
		};
/* End PBXFrameworksBuildPhase section */

/* Begin PBXGroup section */
		01A4F920EDF744BF4CB6A5B2 /* Pods */ = {
			isa = PBXGroup;
			children = (
				A45C5FC9DD1F12CBF3AED766 /* Pods-NIBM COVID19.debug.xcconfig */,
				427C10FBC1FCD05ECEB7BD97 /* Pods-NIBM COVID19.release.xcconfig */,
				E697C730BC6B529FC554CC88 /* Pods-NIBM COVID19-NIBM COVID19UITests.debug.xcconfig */,
				559EDB4EEE6516D6C9330119 /* Pods-NIBM COVID19-NIBM COVID19UITests.release.xcconfig */,
				FBE4099848666983AB19547A /* Pods-NIBM COVID19Tests.debug.xcconfig */,
				34C3C4453C9E8A5FA286E2CC /* Pods-NIBM COVID19Tests.release.xcconfig */,
			);
			path = Pods;
			sourceTree = "<group>";
		};
		1D488324098BA96CFCE0D78B /* Frameworks */ = {
			isa = PBXGroup;
			children = (
				F8EC28D3BDE901ED797A4980 /* Pods_NIBM_COVID19.framework */,
				6AB55B66D02565FDEAE45362 /* Pods_NIBM_COVID19_NIBM_COVID19UITests.framework */,
				E596C39F6AA779E293809CAF /* Pods_NIBM_COVID19Tests.framework */,
			);
			name = Frameworks;
			sourceTree = "<group>";
		};
		4449780F2504394B0046E178 /* Auth */ = {
			isa = PBXGroup;
			children = (
				44DF6C4024FAE8E100199EBE /* LoginViewController.swift */,
				4449780C24FFBC9C0046E178 /* CreateAccViewController.swift */,
				4449781025043B030046E178 /* SignUpViewController.swift */,
			);
			path = Auth;
			sourceTree = "<group>";
		};
		4469B0412507BBCD00F1D57F /* Home */ = {
			isa = PBXGroup;
			children = (
				4469B0422507BBFF00F1D57F /* HomeViewController.swift */,
				4469B0A9250CFD3700F1D57F /* UpdateViewController.swift */,
			);
			path = Home;
			sourceTree = "<group>";
		};
		4469B0802507F9DA00F1D57F /* Survay */ = {
			isa = PBXGroup;
			children = (
				4469B0812507FA1600F1D57F /* SurvayQ1ViewController.swift */,
				4469B0832509554800F1D57F /* SurvayQ2ViewController.swift */,
				4469B085250A06D200F1D57F /* SurvayQ3ViewController.swift */,
				4469B087250A0A9A00F1D57F /* SurvayQ4ViewController.swift */,
			);
			path = Survay;
			sourceTree = "<group>";
		};
		4469B0AB250D4FC500F1D57F /* Settings */ = {
			isa = PBXGroup;
			children = (
				4469B0AC250D4FFD00F1D57F /* SettingsViewController.swift */,
				4469B0AE250D749E00F1D57F /* AboutUsViewController.swift */,
			);
			path = Settings;
			sourceTree = "<group>";
		};
		44DF6C3B24FACFF700199EBE /* Utils */ = {
			isa = PBXGroup;
			children = (
				444977EC24FC41180046E178 /* Extensions.swift */,
				4449780A24FFAB5E0046E178 /* AppColors.swift */,
			);
			path = Utils;
			sourceTree = "<group>";
		};
		44DF6C3C24FACFFE00199EBE /* services */ = {
			isa = PBXGroup;
			children = (
			);
			path = services;
			sourceTree = "<group>";
		};
		44DF6C3D24FAD00E00199EBE /* Views */ = {
			isa = PBXGroup;
			children = (
			);
			path = Views;
			sourceTree = "<group>";
		};
		44DF6C3E24FAD01200199EBE /* Model */ = {
			isa = PBXGroup;
			children = (
			);
			path = Model;
			sourceTree = "<group>";
		};
		44DF6C3F24FAD01700199EBE /* Controller */ = {
			isa = PBXGroup;
			children = (
				4469B0AB250D4FC500F1D57F /* Settings */,
				4469B0802507F9DA00F1D57F /* Survay */,
				4469B0412507BBCD00F1D57F /* Home */,
				4449780F2504394B0046E178 /* Auth */,
			);
			path = Controller;
			sourceTree = "<group>";
		};
		44F3C7F524FA1C5400743B0E = {
			isa = PBXGroup;
			children = (
				44F3C80024FA1C5500743B0E /* NIBM COVID19 */,
				44F3C81724FA1C5500743B0E /* NIBM COVID19Tests */,
				44F3C82224FA1C5500743B0E /* NIBM COVID19UITests */,
				44F3C7FF24FA1C5500743B0E /* Products */,
				01A4F920EDF744BF4CB6A5B2 /* Pods */,
				1D488324098BA96CFCE0D78B /* Frameworks */,
			);
			sourceTree = "<group>";
		};
		44F3C7FF24FA1C5500743B0E /* Products */ = {
			isa = PBXGroup;
			children = (
				44F3C7FE24FA1C5500743B0E /* NIBM COVID19.app */,
				44F3C81424FA1C5500743B0E /* NIBM COVID19Tests.xctest */,
				44F3C81F24FA1C5500743B0E /* NIBM COVID19UITests.xctest */,
			);
			name = Products;
			sourceTree = "<group>";
		};
		44F3C80024FA1C5500743B0E /* NIBM COVID19 */ = {
			isa = PBXGroup;
			children = (
				44DF6C3F24FAD01700199EBE /* Controller */,
				44DF6C3E24FAD01200199EBE /* Model */,
				44DF6C3D24FAD00E00199EBE /* Views */,
				44DF6C3C24FACFFE00199EBE /* services */,
				44DF6C3B24FACFF700199EBE /* Utils */,
				44F3C80124FA1C5500743B0E /* AppDelegate.swift */,
				44F3C80A24FA1C5500743B0E /* Assets.xcassets */,
				44F3C80C24FA1C5500743B0E /* LaunchScreen.storyboard */,
				44F3C83124FA34DD00743B0E /* GoogleService-Info.plist */,
				44F3C80F24FA1C5500743B0E /* Info.plist */,
			);
			path = "NIBM COVID19";
			sourceTree = "<group>";
		};
		44F3C81724FA1C5500743B0E /* NIBM COVID19Tests */ = {
			isa = PBXGroup;
			children = (
				44F3C81824FA1C5500743B0E /* NIBM_COVID19Tests.swift */,
				44F3C81A24FA1C5500743B0E /* Info.plist */,
			);
			path = "NIBM COVID19Tests";
			sourceTree = "<group>";
		};
		44F3C82224FA1C5500743B0E /* NIBM COVID19UITests */ = {
			isa = PBXGroup;
			children = (
				44F3C82324FA1C5500743B0E /* NIBM_COVID19UITests.swift */,
				44F3C82524FA1C5500743B0E /* Info.plist */,
			);
			path = "NIBM COVID19UITests";
			sourceTree = "<group>";
		};
/* End PBXGroup section */

/* Begin PBXNativeTarget section */
		44F3C7FD24FA1C5500743B0E /* NIBM COVID19 */ = {
			isa = PBXNativeTarget;
			buildConfigurationList = 44F3C82824FA1C5500743B0E /* Build configuration list for PBXNativeTarget "NIBM COVID19" */;
			buildPhases = (
				302CCB77806F3EE3022C6EB7 /* [CP] Check Pods Manifest.lock */,
				44F3C7FA24FA1C5500743B0E /* Sources */,
				44F3C7FB24FA1C5500743B0E /* Frameworks */,
				44F3C7FC24FA1C5500743B0E /* Resources */,
				02995D7788452900764B0467 /* [CP] Embed Pods Frameworks */,
			);
			buildRules = (
			);
			dependencies = (
			);
			name = "NIBM COVID19";
			productName = "NIBM COVID19";
			productReference = 44F3C7FE24FA1C5500743B0E /* NIBM COVID19.app */;
			productType = "com.apple.product-type.application";
		};
		44F3C81324FA1C5500743B0E /* NIBM COVID19Tests */ = {
			isa = PBXNativeTarget;
			buildConfigurationList = 44F3C82B24FA1C5500743B0E /* Build configuration list for PBXNativeTarget "NIBM COVID19Tests" */;
			buildPhases = (
				540E410F2F78006D6CD507E4 /* [CP] Check Pods Manifest.lock */,
				44F3C81024FA1C5500743B0E /* Sources */,
				44F3C81124FA1C5500743B0E /* Frameworks */,
				44F3C81224FA1C5500743B0E /* Resources */,
			);
			buildRules = (
			);
			dependencies = (
				44F3C81624FA1C5500743B0E /* PBXTargetDependency */,
			);
			name = "NIBM COVID19Tests";
			productName = "NIBM COVID19Tests";
			productReference = 44F3C81424FA1C5500743B0E /* NIBM COVID19Tests.xctest */;
			productType = "com.apple.product-type.bundle.unit-test";
		};
		44F3C81E24FA1C5500743B0E /* NIBM COVID19UITests */ = {
			isa = PBXNativeTarget;
			buildConfigurationList = 44F3C82E24FA1C5500743B0E /* Build configuration list for PBXNativeTarget "NIBM COVID19UITests" */;
			buildPhases = (
				967D4680C0A061558448307F /* [CP] Check Pods Manifest.lock */,
				44F3C81B24FA1C5500743B0E /* Sources */,
				44F3C81C24FA1C5500743B0E /* Frameworks */,
				44F3C81D24FA1C5500743B0E /* Resources */,
				64B5E15818D98BABC931C7D6 /* [CP] Embed Pods Frameworks */,
			);
			buildRules = (
			);
			dependencies = (
				44F3C82124FA1C5500743B0E /* PBXTargetDependency */,
			);
			name = "NIBM COVID19UITests";
			productName = "NIBM COVID19UITests";
			productReference = 44F3C81F24FA1C5500743B0E /* NIBM COVID19UITests.xctest */;
			productType = "com.apple.product-type.bundle.ui-testing";
		};
/* End PBXNativeTarget section */

/* Begin PBXProject section */
		44F3C7F624FA1C5400743B0E /* Project object */ = {
			isa = PBXProject;
			attributes = {
				LastSwiftUpdateCheck = 1160;
				LastUpgradeCheck = 1160;
				ORGANIZATIONNAME = NIBM;
				TargetAttributes = {
					44F3C7FD24FA1C5500743B0E = {
						CreatedOnToolsVersion = 11.6;
					};
					44F3C81324FA1C5500743B0E = {
						CreatedOnToolsVersion = 11.6;
						TestTargetID = 44F3C7FD24FA1C5500743B0E;
					};
					44F3C81E24FA1C5500743B0E = {
						CreatedOnToolsVersion = 11.6;
						TestTargetID = 44F3C7FD24FA1C5500743B0E;
					};
				};
			};
			buildConfigurationList = 44F3C7F924FA1C5400743B0E /* Build configuration list for PBXProject "NIBM COVID19" */;
			compatibilityVersion = "Xcode 9.3";
			developmentRegion = en;
			hasScannedForEncodings = 0;
			knownRegions = (
				en,
				Base,
			);
			mainGroup = 44F3C7F524FA1C5400743B0E;
			productRefGroup = 44F3C7FF24FA1C5500743B0E /* Products */;
			projectDirPath = "";
			projectRoot = "";
			targets = (
				44F3C7FD24FA1C5500743B0E /* NIBM COVID19 */,
				44F3C81324FA1C5500743B0E /* NIBM COVID19Tests */,
				44F3C81E24FA1C5500743B0E /* NIBM COVID19UITests */,
			);
		};
/* End PBXProject section */

/* Begin PBXResourcesBuildPhase section */
		44F3C7FC24FA1C5500743B0E /* Resources */ = {
			isa = PBXResourcesBuildPhase;
			buildActionMask = 2147483647;
			files = (
				44F3C80E24FA1C5500743B0E /* LaunchScreen.storyboard in Resources */,
				44F3C80B24FA1C5500743B0E /* Assets.xcassets in Resources */,
				44F3C83224FA34DD00743B0E /* GoogleService-Info.plist in Resources */,
			);
			runOnlyForDeploymentPostprocessing = 0;
		};
		44F3C81224FA1C5500743B0E /* Resources */ = {
			isa = PBXResourcesBuildPhase;
			buildActionMask = 2147483647;
			files = (
			);
			runOnlyForDeploymentPostprocessing = 0;
		};
		44F3C81D24FA1C5500743B0E /* Resources */ = {
			isa = PBXResourcesBuildPhase;
			buildActionMask = 2147483647;
			files = (
			);
			runOnlyForDeploymentPostprocessing = 0;
		};
/* End PBXResourcesBuildPhase section */

/* Begin PBXShellScriptBuildPhase section */
		02995D7788452900764B0467 /* [CP] Embed Pods Frameworks */ = {
			isa = PBXShellScriptBuildPhase;
			buildActionMask = 2147483647;
			files = (
			);
			inputFileListPaths = (
				"${PODS_ROOT}/Target Support Files/Pods-NIBM COVID19/Pods-NIBM COVID19-frameworks-${CONFIGURATION}-input-files.xcfilelist",
			);
			name = "[CP] Embed Pods Frameworks";
			outputFileListPaths = (
				"${PODS_ROOT}/Target Support Files/Pods-NIBM COVID19/Pods-NIBM COVID19-frameworks-${CONFIGURATION}-output-files.xcfilelist",
			);
			runOnlyForDeploymentPostprocessing = 0;
			shellPath = /bin/sh;
			shellScript = "\"${PODS_ROOT}/Target Support Files/Pods-NIBM COVID19/Pods-NIBM COVID19-frameworks.sh\"\n";
			showEnvVarsInLog = 0;
		};
		302CCB77806F3EE3022C6EB7 /* [CP] Check Pods Manifest.lock */ = {
			isa = PBXShellScriptBuildPhase;
			buildActionMask = 2147483647;
			files = (
			);
			inputFileListPaths = (
			);
			inputPaths = (
				"${PODS_PODFILE_DIR_PATH}/Podfile.lock",
				"${PODS_ROOT}/Manifest.lock",
			);
			name = "[CP] Check Pods Manifest.lock";
			outputFileListPaths = (
			);
			outputPaths = (
				"$(DERIVED_FILE_DIR)/Pods-NIBM COVID19-checkManifestLockResult.txt",
			);
			runOnlyForDeploymentPostprocessing = 0;
			shellPath = /bin/sh;
			shellScript = "diff \"${PODS_PODFILE_DIR_PATH}/Podfile.lock\" \"${PODS_ROOT}/Manifest.lock\" > /dev/null\nif [ $? != 0 ] ; then\n    # print error to STDERR\n    echo \"error: The sandbox is not in sync with the Podfile.lock. Run 'pod install' or update your CocoaPods installation.\" >&2\n    exit 1\nfi\n# This output is used by Xcode 'outputs' to avoid re-running this script phase.\necho \"SUCCESS\" > \"${SCRIPT_OUTPUT_FILE_0}\"\n";
			showEnvVarsInLog = 0;
		};
		540E410F2F78006D6CD507E4 /* [CP] Check Pods Manifest.lock */ = {
			isa = PBXShellScriptBuildPhase;
			buildActionMask = 2147483647;
			files = (
			);
			inputFileListPaths = (
			);
			inputPaths = (
				"${PODS_PODFILE_DIR_PATH}/Podfile.lock",
				"${PODS_ROOT}/Manifest.lock",
			);
			name = "[CP] Check Pods Manifest.lock";
			outputFileListPaths = (
			);
			outputPaths = (
				"$(DERIVED_FILE_DIR)/Pods-NIBM COVID19Tests-checkManifestLockResult.txt",
			);
			runOnlyForDeploymentPostprocessing = 0;
			shellPath = /bin/sh;
			shellScript = "diff \"${PODS_PODFILE_DIR_PATH}/Podfile.lock\" \"${PODS_ROOT}/Manifest.lock\" > /dev/null\nif [ $? != 0 ] ; then\n    # print error to STDERR\n    echo \"error: The sandbox is not in sync with the Podfile.lock. Run 'pod install' or update your CocoaPods installation.\" >&2\n    exit 1\nfi\n# This output is used by Xcode 'outputs' to avoid re-running this script phase.\necho \"SUCCESS\" > \"${SCRIPT_OUTPUT_FILE_0}\"\n";
			showEnvVarsInLog = 0;
		};
		64B5E15818D98BABC931C7D6 /* [CP] Embed Pods Frameworks */ = {
			isa = PBXShellScriptBuildPhase;
			buildActionMask = 2147483647;
			files = (
			);
			inputFileListPaths = (
				"${PODS_ROOT}/Target Support Files/Pods-NIBM COVID19-NIBM COVID19UITests/Pods-NIBM COVID19-NIBM COVID19UITests-frameworks-${CONFIGURATION}-input-files.xcfilelist",
			);
			name = "[CP] Embed Pods Frameworks";
			outputFileListPaths = (
				"${PODS_ROOT}/Target Support Files/Pods-NIBM COVID19-NIBM COVID19UITests/Pods-NIBM COVID19-NIBM COVID19UITests-frameworks-${CONFIGURATION}-output-files.xcfilelist",
			);
			runOnlyForDeploymentPostprocessing = 0;
			shellPath = /bin/sh;
			shellScript = "\"${PODS_ROOT}/Target Support Files/Pods-NIBM COVID19-NIBM COVID19UITests/Pods-NIBM COVID19-NIBM COVID19UITests-frameworks.sh\"\n";
			showEnvVarsInLog = 0;
		};
		967D4680C0A061558448307F /* [CP] Check Pods Manifest.lock */ = {
			isa = PBXShellScriptBuildPhase;
			buildActionMask = 2147483647;
			files = (
			);
			inputFileListPaths = (
			);
			inputPaths = (
				"${PODS_PODFILE_DIR_PATH}/Podfile.lock",
				"${PODS_ROOT}/Manifest.lock",
			);
			name = "[CP] Check Pods Manifest.lock";
			outputFileListPaths = (
			);
			outputPaths = (
				"$(DERIVED_FILE_DIR)/Pods-NIBM COVID19-NIBM COVID19UITests-checkManifestLockResult.txt",
			);
			runOnlyForDeploymentPostprocessing = 0;
			shellPath = /bin/sh;
			shellScript = "diff \"${PODS_PODFILE_DIR_PATH}/Podfile.lock\" \"${PODS_ROOT}/Manifest.lock\" > /dev/null\nif [ $? != 0 ] ; then\n    # print error to STDERR\n    echo \"error: The sandbox is not in sync with the Podfile.lock. Run 'pod install' or update your CocoaPods installation.\" >&2\n    exit 1\nfi\n# This output is used by Xcode 'outputs' to avoid re-running this script phase.\necho \"SUCCESS\" > \"${SCRIPT_OUTPUT_FILE_0}\"\n";
			showEnvVarsInLog = 0;
		};
/* End PBXShellScriptBuildPhase section */

/* Begin PBXSourcesBuildPhase section */
		44F3C7FA24FA1C5500743B0E /* Sources */ = {
			isa = PBXSourcesBuildPhase;
			buildActionMask = 2147483647;
			files = (
				4449781125043B030046E178 /* SignUpViewController.swift in Sources */,
				44DF6C4124FAE8E100199EBE /* LoginViewController.swift in Sources */,
				4469B088250A0A9A00F1D57F /* SurvayQ4ViewController.swift in Sources */,
				4469B086250A06D200F1D57F /* SurvayQ3ViewController.swift in Sources */,
				4469B0AF250D749E00F1D57F /* AboutUsViewController.swift in Sources */,
				4469B0822507FA1600F1D57F /* SurvayQ1ViewController.swift in Sources */,
				4469B0842509554800F1D57F /* SurvayQ2ViewController.swift in Sources */,
				4449780B24FFAB5E0046E178 /* AppColors.swift in Sources */,
				444977ED24FC41180046E178 /* Extensions.swift in Sources */,
				44F3C80224FA1C5500743B0E /* AppDelegate.swift in Sources */,
				4469B0432507BBFF00F1D57F /* HomeViewController.swift in Sources */,
				4469B0AD250D4FFD00F1D57F /* SettingsViewController.swift in Sources */,
				4449780D24FFBC9C0046E178 /* CreateAccViewController.swift in Sources */,
				4469B0AA250CFD3700F1D57F /* UpdateViewController.swift in Sources */,
			);
			runOnlyForDeploymentPostprocessing = 0;
		};
		44F3C81024FA1C5500743B0E /* Sources */ = {
			isa = PBXSourcesBuildPhase;
			buildActionMask = 2147483647;
			files = (
				44F3C81924FA1C5500743B0E /* NIBM_COVID19Tests.swift in Sources */,
			);
			runOnlyForDeploymentPostprocessing = 0;
		};
		44F3C81B24FA1C5500743B0E /* Sources */ = {
			isa = PBXSourcesBuildPhase;
			buildActionMask = 2147483647;
			files = (
				44F3C82424FA1C5500743B0E /* NIBM_COVID19UITests.swift in Sources */,
			);
			runOnlyForDeploymentPostprocessing = 0;
		};
/* End PBXSourcesBuildPhase section */

/* Begin PBXTargetDependency section */
		44F3C81624FA1C5500743B0E /* PBXTargetDependency */ = {
			isa = PBXTargetDependency;
			target = 44F3C7FD24FA1C5500743B0E /* NIBM COVID19 */;
			targetProxy = 44F3C81524FA1C5500743B0E /* PBXContainerItemProxy */;
		};
		44F3C82124FA1C5500743B0E /* PBXTargetDependency */ = {
			isa = PBXTargetDependency;
			target = 44F3C7FD24FA1C5500743B0E /* NIBM COVID19 */;
			targetProxy = 44F3C82024FA1C5500743B0E /* PBXContainerItemProxy */;
		};
/* End PBXTargetDependency section */

/* Begin PBXVariantGroup section */
		44F3C80C24FA1C5500743B0E /* LaunchScreen.storyboard */ = {
			isa = PBXVariantGroup;
			children = (
				44F3C80D24FA1C5500743B0E /* Base */,
			);
			name = LaunchScreen.storyboard;
			sourceTree = "<group>";
		};
/* End PBXVariantGroup section */

/* Begin XCBuildConfiguration section */
		44F3C82624FA1C5500743B0E /* Debug */ = {
			isa = XCBuildConfiguration;
			buildSettings = {
				ALWAYS_SEARCH_USER_PATHS = NO;
				CLANG_ANALYZER_NONNULL = YES;
				CLANG_ANALYZER_NUMBER_OBJECT_CONVERSION = YES_AGGRESSIVE;
				CLANG_CXX_LANGUAGE_STANDARD = "gnu++14";
				CLANG_CXX_LIBRARY = "libc++";
				CLANG_ENABLE_MODULES = YES;
				CLANG_ENABLE_OBJC_ARC = YES;
				CLANG_ENABLE_OBJC_WEAK = YES;
				CLANG_WARN_BLOCK_CAPTURE_AUTORELEASING = YES;
				CLANG_WARN_BOOL_CONVERSION = YES;
				CLANG_WARN_COMMA = YES;
				CLANG_WARN_CONSTANT_CONVERSION = YES;
				CLANG_WARN_DEPRECATED_OBJC_IMPLEMENTATIONS = YES;
				CLANG_WARN_DIRECT_OBJC_ISA_USAGE = YES_ERROR;
				CLANG_WARN_DOCUMENTATION_COMMENTS = YES;
				CLANG_WARN_EMPTY_BODY = YES;
				CLANG_WARN_ENUM_CONVERSION = YES;
				CLANG_WARN_INFINITE_RECURSION = YES;
				CLANG_WARN_INT_CONVERSION = YES;
				CLANG_WARN_NON_LITERAL_NULL_CONVERSION = YES;
				CLANG_WARN_OBJC_IMPLICIT_RETAIN_SELF = YES;
				CLANG_WARN_OBJC_LITERAL_CONVERSION = YES;
				CLANG_WARN_OBJC_ROOT_CLASS = YES_ERROR;
				CLANG_WARN_RANGE_LOOP_ANALYSIS = YES;
				CLANG_WARN_STRICT_PROTOTYPES = YES;
				CLANG_WARN_SUSPICIOUS_MOVE = YES;
				CLANG_WARN_UNGUARDED_AVAILABILITY = YES_AGGRESSIVE;
				CLANG_WARN_UNREACHABLE_CODE = YES;
				CLANG_WARN__DUPLICATE_METHOD_MATCH = YES;
				COPY_PHASE_STRIP = NO;
				DEBUG_INFORMATION_FORMAT = dwarf;
				ENABLE_STRICT_OBJC_MSGSEND = YES;
				ENABLE_TESTABILITY = YES;
				GCC_C_LANGUAGE_STANDARD = gnu11;
				GCC_DYNAMIC_NO_PIC = NO;
				GCC_NO_COMMON_BLOCKS = YES;
				GCC_OPTIMIZATION_LEVEL = 0;
				GCC_PREPROCESSOR_DEFINITIONS = (
					"DEBUG=1",
					"$(inherited)",
				);
				GCC_WARN_64_TO_32_BIT_CONVERSION = YES;
				GCC_WARN_ABOUT_RETURN_TYPE = YES_ERROR;
				GCC_WARN_UNDECLARED_SELECTOR = YES;
				GCC_WARN_UNINITIALIZED_AUTOS = YES_AGGRESSIVE;
				GCC_WARN_UNUSED_FUNCTION = YES;
				GCC_WARN_UNUSED_VARIABLE = YES;
				IPHONEOS_DEPLOYMENT_TARGET = 13.6;
				MTL_ENABLE_DEBUG_INFO = INCLUDE_SOURCE;
				MTL_FAST_MATH = YES;
				ONLY_ACTIVE_ARCH = YES;
				SDKROOT = iphoneos;
				SWIFT_ACTIVE_COMPILATION_CONDITIONS = DEBUG;
				SWIFT_OPTIMIZATION_LEVEL = "-Onone";
			};
			name = Debug;
		};
		44F3C82724FA1C5500743B0E /* Release */ = {
			isa = XCBuildConfiguration;
			buildSettings = {
				ALWAYS_SEARCH_USER_PATHS = NO;
				CLANG_ANALYZER_NONNULL = YES;
				CLANG_ANALYZER_NUMBER_OBJECT_CONVERSION = YES_AGGRESSIVE;
				CLANG_CXX_LANGUAGE_STANDARD = "gnu++14";
				CLANG_CXX_LIBRARY = "libc++";
				CLANG_ENABLE_MODULES = YES;
				CLANG_ENABLE_OBJC_ARC = YES;
				CLANG_ENABLE_OBJC_WEAK = YES;
				CLANG_WARN_BLOCK_CAPTURE_AUTORELEASING = YES;
				CLANG_WARN_BOOL_CONVERSION = YES;
				CLANG_WARN_COMMA = YES;
				CLANG_WARN_CONSTANT_CONVERSION = YES;
				CLANG_WARN_DEPRECATED_OBJC_IMPLEMENTATIONS = YES;
				CLANG_WARN_DIRECT_OBJC_ISA_USAGE = YES_ERROR;
				CLANG_WARN_DOCUMENTATION_COMMENTS = YES;
				CLANG_WARN_EMPTY_BODY = YES;
				CLANG_WARN_ENUM_CONVERSION = YES;
				CLANG_WARN_INFINITE_RECURSION = YES;
				CLANG_WARN_INT_CONVERSION = YES;
				CLANG_WARN_NON_LITERAL_NULL_CONVERSION = YES;
				CLANG_WARN_OBJC_IMPLICIT_RETAIN_SELF = YES;
				CLANG_WARN_OBJC_LITERAL_CONVERSION = YES;
				CLANG_WARN_OBJC_ROOT_CLASS = YES_ERROR;
				CLANG_WARN_RANGE_LOOP_ANALYSIS = YES;
				CLANG_WARN_STRICT_PROTOTYPES = YES;
				CLANG_WARN_SUSPICIOUS_MOVE = YES;
				CLANG_WARN_UNGUARDED_AVAILABILITY = YES_AGGRESSIVE;
				CLANG_WARN_UNREACHABLE_CODE = YES;
				CLANG_WARN__DUPLICATE_METHOD_MATCH = YES;
				COPY_PHASE_STRIP = NO;
				DEBUG_INFORMATION_FORMAT = "dwarf-with-dsym";
				ENABLE_NS_ASSERTIONS = NO;
				ENABLE_STRICT_OBJC_MSGSEND = YES;
				GCC_C_LANGUAGE_STANDARD = gnu11;
				GCC_NO_COMMON_BLOCKS = YES;
				GCC_WARN_64_TO_32_BIT_CONVERSION = YES;
				GCC_WARN_ABOUT_RETURN_TYPE = YES_ERROR;
				GCC_WARN_UNDECLARED_SELECTOR = YES;
				GCC_WARN_UNINITIALIZED_AUTOS = YES_AGGRESSIVE;
				GCC_WARN_UNUSED_FUNCTION = YES;
				GCC_WARN_UNUSED_VARIABLE = YES;
				IPHONEOS_DEPLOYMENT_TARGET = 13.6;
				MTL_ENABLE_DEBUG_INFO = NO;
				MTL_FAST_MATH = YES;
				SDKROOT = iphoneos;
				SWIFT_COMPILATION_MODE = wholemodule;
				SWIFT_OPTIMIZATION_LEVEL = "-O";
				VALIDATE_PRODUCT = YES;
			};
			name = Release;
		};
		44F3C82924FA1C5500743B0E /* Debug */ = {
			isa = XCBuildConfiguration;
			baseConfigurationReference = A45C5FC9DD1F12CBF3AED766 /* Pods-NIBM COVID19.debug.xcconfig */;
			buildSettings = {
				ASSETCATALOG_COMPILER_APPICON_NAME = AppIcon;
				CODE_SIGN_STYLE = Automatic;
				DEVELOPMENT_TEAM = R2VCRC624B;
				INFOPLIST_FILE = "NIBM COVID19/Info.plist";
				LD_RUNPATH_SEARCH_PATHS = (
					"$(inherited)",
					"@executable_path/Frameworks",
				);
				PRODUCT_BUNDLE_IDENTIFIER = "Thanuja-cobsccomp191p-001.NIBM-COVID19";
				PRODUCT_NAME = "$(TARGET_NAME)";
				SWIFT_VERSION = 5.0;
				TARGETED_DEVICE_FAMILY = "1,2";
			};
			name = Debug;
		};
		44F3C82A24FA1C5500743B0E /* Release */ = {
			isa = XCBuildConfiguration;
			baseConfigurationReference = 427C10FBC1FCD05ECEB7BD97 /* Pods-NIBM COVID19.release.xcconfig */;
			buildSettings = {
				ASSETCATALOG_COMPILER_APPICON_NAME = AppIcon;
				CODE_SIGN_STYLE = Automatic;
				DEVELOPMENT_TEAM = R2VCRC624B;
				INFOPLIST_FILE = "NIBM COVID19/Info.plist";
				LD_RUNPATH_SEARCH_PATHS = (
					"$(inherited)",
					"@executable_path/Frameworks",
				);
				PRODUCT_BUNDLE_IDENTIFIER = "Thanuja-cobsccomp191p-001.NIBM-COVID19";
				PRODUCT_NAME = "$(TARGET_NAME)";
				SWIFT_VERSION = 5.0;
				TARGETED_DEVICE_FAMILY = "1,2";
			};
			name = Release;
		};
		44F3C82C24FA1C5500743B0E /* Debug */ = {
			isa = XCBuildConfiguration;
			baseConfigurationReference = FBE4099848666983AB19547A /* Pods-NIBM COVID19Tests.debug.xcconfig */;
			buildSettings = {
				ALWAYS_EMBED_SWIFT_STANDARD_LIBRARIES = YES;
				BUNDLE_LOADER = "$(TEST_HOST)";
				CODE_SIGN_STYLE = Automatic;
				DEVELOPMENT_TEAM = R2VCRC624B;
				INFOPLIST_FILE = "NIBM COVID19Tests/Info.plist";
				IPHONEOS_DEPLOYMENT_TARGET = 13.6;
				LD_RUNPATH_SEARCH_PATHS = (
					"$(inherited)",
					"@executable_path/Frameworks",
					"@loader_path/Frameworks",
				);
				PRODUCT_BUNDLE_IDENTIFIER = "Thanuja-cobsccomp191p-001.NIBM-COVID19Tests";
				PRODUCT_NAME = "$(TARGET_NAME)";
				SWIFT_VERSION = 5.0;
				TARGETED_DEVICE_FAMILY = "1,2";
				TEST_HOST = "$(BUILT_PRODUCTS_DIR)/NIBM COVID19.app/NIBM COVID19";
			};
			name = Debug;
		};
		44F3C82D24FA1C5500743B0E /* Release */ = {
			isa = XCBuildConfiguration;
			baseConfigurationReference = 34C3C4453C9E8A5FA286E2CC /* Pods-NIBM COVID19Tests.release.xcconfig */;
			buildSettings = {
				ALWAYS_EMBED_SWIFT_STANDARD_LIBRARIES = YES;
				BUNDLE_LOADER = "$(TEST_HOST)";
				CODE_SIGN_STYLE = Automatic;
				DEVELOPMENT_TEAM = R2VCRC624B;
				INFOPLIST_FILE = "NIBM COVID19Tests/Info.plist";
				IPHONEOS_DEPLOYMENT_TARGET = 13.6;
				LD_RUNPATH_SEARCH_PATHS = (
					"$(inherited)",
					"@executable_path/Frameworks",
					"@loader_path/Frameworks",
				);
				PRODUCT_BUNDLE_IDENTIFIER = "Thanuja-cobsccomp191p-001.NIBM-COVID19Tests";
				PRODUCT_NAME = "$(TARGET_NAME)";
				SWIFT_VERSION = 5.0;
				TARGETED_DEVICE_FAMILY = "1,2";
				TEST_HOST = "$(BUILT_PRODUCTS_DIR)/NIBM COVID19.app/NIBM COVID19";
			};
			name = Release;
		};
		44F3C82F24FA1C5500743B0E /* Debug */ = {
			isa = XCBuildConfiguration;
			baseConfigurationReference = E697C730BC6B529FC554CC88 /* Pods-NIBM COVID19-NIBM COVID19UITests.debug.xcconfig */;
			buildSettings = {
				ALWAYS_EMBED_SWIFT_STANDARD_LIBRARIES = YES;
				CODE_SIGN_STYLE = Automatic;
				DEVELOPMENT_TEAM = R2VCRC624B;
				INFOPLIST_FILE = "NIBM COVID19UITests/Info.plist";
				LD_RUNPATH_SEARCH_PATHS = (
					"$(inherited)",
					"@executable_path/Frameworks",
					"@loader_path/Frameworks",
				);
				PRODUCT_BUNDLE_IDENTIFIER = "Thanuja-cobsccomp191p-001.NIBM-COVID19UITests";
				PRODUCT_NAME = "$(TARGET_NAME)";
				SWIFT_VERSION = 5.0;
				TARGETED_DEVICE_FAMILY = "1,2";
				TEST_TARGET_NAME = "NIBM COVID19";
			};
			name = Debug;
		};
		44F3C83024FA1C5500743B0E /* Release */ = {
			isa = XCBuildConfiguration;
			baseConfigurationReference = 559EDB4EEE6516D6C9330119 /* Pods-NIBM COVID19-NIBM COVID19UITests.release.xcconfig */;
			buildSettings = {
				ALWAYS_EMBED_SWIFT_STANDARD_LIBRARIES = YES;
				CODE_SIGN_STYLE = Automatic;
				DEVELOPMENT_TEAM = R2VCRC624B;
				INFOPLIST_FILE = "NIBM COVID19UITests/Info.plist";
				LD_RUNPATH_SEARCH_PATHS = (
					"$(inherited)",
					"@executable_path/Frameworks",
					"@loader_path/Frameworks",
				);
				PRODUCT_BUNDLE_IDENTIFIER = "Thanuja-cobsccomp191p-001.NIBM-COVID19UITests";
				PRODUCT_NAME = "$(TARGET_NAME)";
				SWIFT_VERSION = 5.0;
				TARGETED_DEVICE_FAMILY = "1,2";
				TEST_TARGET_NAME = "NIBM COVID19";
			};
			name = Release;
		};
/* End XCBuildConfiguration section */

/* Begin XCConfigurationList section */
		44F3C7F924FA1C5400743B0E /* Build configuration list for PBXProject "NIBM COVID19" */ = {
			isa = XCConfigurationList;
			buildConfigurations = (
				44F3C82624FA1C5500743B0E /* Debug */,
				44F3C82724FA1C5500743B0E /* Release */,
			);
			defaultConfigurationIsVisible = 0;
			defaultConfigurationName = Release;
		};
		44F3C82824FA1C5500743B0E /* Build configuration list for PBXNativeTarget "NIBM COVID19" */ = {
			isa = XCConfigurationList;
			buildConfigurations = (
				44F3C82924FA1C5500743B0E /* Debug */,
				44F3C82A24FA1C5500743B0E /* Release */,
			);
			defaultConfigurationIsVisible = 0;
			defaultConfigurationName = Release;
		};
		44F3C82B24FA1C5500743B0E /* Build configuration list for PBXNativeTarget "NIBM COVID19Tests" */ = {
			isa = XCConfigurationList;
			buildConfigurations = (
				44F3C82C24FA1C5500743B0E /* Debug */,
				44F3C82D24FA1C5500743B0E /* Release */,
			);
			defaultConfigurationIsVisible = 0;
			defaultConfigurationName = Release;
		};
		44F3C82E24FA1C5500743B0E /* Build configuration list for PBXNativeTarget "NIBM COVID19UITests" */ = {
			isa = XCConfigurationList;
			buildConfigurations = (
				44F3C82F24FA1C5500743B0E /* Debug */,
				44F3C83024FA1C5500743B0E /* Release */,
			);
			defaultConfigurationIsVisible = 0;
			defaultConfigurationName = Release;
		};
/* End XCConfigurationList section */
	};
	rootObject = 44F3C7F624FA1C5400743B0E /* Project object */;
}
